
Microsoft Visual Studio Solution File, Format Version 12.00
# Visual Studio Version 17
VisualStudioVersion = 17.4.33110.190
MinimumVisualStudioVersion = 10.0.40219.1
Project("{FAE04EC0-301F-11D3-BF4B-00C04F79EFBC}") = "hola", "hola\hola.csproj", "{6E7F8C4A-3B6B-4ADC-AEAC-17BC1BB8D4A2}"
EndProject
Global
	GlobalSection(SolutionConfigurationPlatforms) = preSolution
		Debug|Any CPU = Debug|Any CPU
		Release|Any CPU = Release|Any CPU
	EndGlobalSection
	GlobalSection(ProjectConfigurationPlatforms) = postSolution
		{6E7F8C4A-3B6B-4ADC-AEAC-17BC1BB8D4A2}.Debug|Any CPU.ActiveCfg = Debug|Any CPU
		{6E7F8C4A-3B6B-4ADC-AEAC-17BC1BB8D4A2}.Debug|Any CPU.Build.0 = Debug|Any CPU
		{6E7F8C4A-3B6B-4ADC-AEAC-17BC1BB8D4A2}.Release|Any CPU.ActiveCfg = Release|Any CPU
		{6E7F8C4A-3B6B-4ADC-AEAC-17BC1BB8D4A2}.Release|Any CPU.Build.0 = Release|Any CPU
	EndGlobalSection
	GlobalSection(SolutionProperties) = preSolution
		HideSolutionNode = FALSE
	EndGlobalSection
	GlobalSection(ExtensibilityGlobals) = postSolution
		SolutionGuid = {CD706A57-E731-4E23-962F-0EC88758605A}
	EndGlobalSection
EndGlobal
